
Microsoft Visual Studio Solution File, Format Version 12.00
# Visual Studio Version 16
VisualStudioVersion = 16.0.29209.62
MinimumVisualStudioVersion = 10.0.40219.1
Project("{9A19103F-16F7-4668-BE54-9A1E7A4F7556}") = "csharp-project", "csharp-project.csproj", "{544F46BC-D942-4C12-9ACA-0AEF5D8E1BB5}"
EndProject
Global
	GlobalSection(SolutionConfigurationPlatforms) = preSolution
		Debug|Any CPU = Debug|Any CPU
		Release|Any CPU = Release|Any CPU
	EndGlobalSection
	GlobalSection(ProjectConfigurationPlatforms) = postSolution
		{544F46BC-D942-4C12-9ACA-0AEF5D8E1BB5}.Debug|Any CPU.ActiveCfg = Debug|Any CPU
		{544F46BC-D942-4C12-9ACA-0AEF5D8E1BB5}.Debug|Any CPU.Build.0 = Debug|Any CPU
		{544F46BC-D942-4C12-9ACA-0AEF5D8E1BB5}.Release|Any CPU.ActiveCfg = Release|Any CPU
		{544F46BC-D942-4C12-9ACA-0AEF5D8E1BB5}.Release|Any CPU.Build.0 = Release|Any CPU
	EndGlobalSection
	GlobalSection(SolutionProperties) = preSolution
		HideSolutionNode = FALSE
	EndGlobalSection
	GlobalSection(ExtensibilityGlobals) = postSolution
		SolutionGuid = {52C8C039-A9A1-4257-8F22-C16C015F50BC}
	EndGlobalSection
EndGlobal
